<?xml version="1.0" encoding="utf-8"?>
<Project ToolsVersion="4.0" xmlns="http://schemas.microsoft.com/developer/msbuild/2003">
  <ItemGroup>
    <Filter Include="Archivos de código fuente">
      <UniqueIdentifier>{4FC737F1-C7A5-4376-A066-2A32D752A2FF}</UniqueIdentifier>
      <Extensions>cpp;c;cc;cxx;def;odl;idl;hpj;bat;asm;asmx</Extensions>
    </Filter>
    <Filter Include="Archivos de encabezado">
      <UniqueIdentifier>{93995380-89BD-4b04-88EB-625FBE52EBFB}</UniqueIdentifier>
      <Extensions>h;hpp;hxx;hm;inl;inc;xsd</Extensions>
    </Filter>
    <Filter Include="Archivos de recursos">
      <UniqueIdentifier>{67DA6AB6-F800-4c08-8B7A-83BB121AAD01}</UniqueIdentifier>
      <Extensions>rc;ico;cur;bmp;dlg;rc2;rct;bin;rgs;gif;jpg;jpeg;jpe;resx;tiff;tif;png;wav;mfcribbon-ms</Extensions>
    </Filter>
  </ItemGroup>
  <ItemGroup>
    <ClCompile Include="Inicio.cpp">
      <Filter>Archivos de código fuente</Filter>
    </ClCompile>
    <ClCompile Include="Clientes.cpp">
      <Filter>Archivos de código fuente</Filter>
    </ClCompile>
    <ClCompile Include="Facturas.cpp">
      <Filter>Archivos de código fuente</Filter>
    </ClCompile>
    <ClCompile Include="Productos.cpp">
      <Filter>Archivos de código fuente</Filter>
    </ClCompile>
    <ClCompile Include="Comprar.cpp">
      <Filter>Archivos de código fuente</Filter>
    </ClCompile>
    <ClCompile Include="ListarClientes.cpp">
      <Filter>Archivos de código fuente</Filter>
    </ClCompile>
    <ClCompile Include="CrearCliente.cpp">
      <Filter>Archivos de código fuente</Filter>
    </ClCompile>
    <ClCompile Include="EliminarCliente.cpp">
      <Filter>Archivos de código fuente</Filter>
    </ClCompile>
    <ClCompile Include="ModificarDatos.cpp">
      <Filter>Archivos de código fuente</Filter>
    </ClCompile>
    <ClCompile Include="ListarProductos.cpp">
      <Filter>Archivos de código fuente</Filter>
    </ClCompile>
    <ClCompile Include="NuevoProducto.cpp">
      <Filter>Archivos de código fuente</Filter>
    </ClCompile>
    <ClCompile Include="EliminarProducto.cpp">
      <Filter>Archivos de código fuente</Filter>
    </ClCompile>
    <ClCompile Include="ModificarProducto.cpp">
      <Filter>Archivos de código fuente</Filter>
    </ClCompile>
    <ClCompile Include="ListarFacturas.cpp">
      <Filter>Archivos de código fuente</Filter>
    </ClCompile>
    <ClCompile Include="ListarFacturaCliente.cpp">
      <Filter>Archivos de código fuente</Filter>
    </ClCompile>
    <ClCompile Include="Fidelizacion.cpp">
      <Filter>Archivos de código fuente</Filter>
    </ClCompile>
    <ClCompile Include="PrecioTotal.cpp">
      <Filter>Archivos de código fuente</Filter>
    </ClCompile>
    <ClCompile Include="ClienteProm.cpp">
      <Filter>Archivos de código fuente</Filter>
    </ClCompile>
    <ClCompile Include="MayoresADiez.cpp">
      <Filter>Archivos de código fuente</Filter>
    </ClCompile>
  </ItemGroup>
  <ItemGroup>
    <ClInclude Include="Inicio.h">
      <Filter>Archivos de encabezado</Filter>
    </ClInclude>
    <ClInclude Include="Clientes.h">
      <Filter>Archivos de encabezado</Filter>
    </ClInclude>
    <ClInclude Include="Facturas.h">
      <Filter>Archivos de encabezado</Filter>
    </ClInclude>
    <ClInclude Include="Productos.h">
      <Filter>Archivos de encabezado</Filter>
    </ClInclude>
    <ClInclude Include="Comprar.h">
      <Filter>Archivos de encabezado</Filter>
    </ClInclude>
    <ClInclude Include="ListarClientes.h">
      <Filter>Archivos de encabezado</Filter>
    </ClInclude>
    <ClInclude Include="CrearCliente.h">
      <Filter>Archivos de encabezado</Filter>
    </ClInclude>
    <ClInclude Include="EliminarCliente.h">
      <Filter>Archivos de encabezado</Filter>
    </ClInclude>
    <ClInclude Include="ModificarDatos.h">
      <Filter>Archivos de encabezado</Filter>
    </ClInclude>
    <ClInclude Include="ListarProductos.h">
      <Filter>Archivos de encabezado</Filter>
    </ClInclude>
    <ClInclude Include="NuevoProducto.h">
      <Filter>Archivos de encabezado</Filter>
    </ClInclude>
    <ClInclude Include="EliminarProducto.h">
      <Filter>Archivos de encabezado</Filter>
    </ClInclude>
    <ClInclude Include="ModificarProducto.h">
      <Filter>Archivos de encabezado</Filter>
    </ClInclude>
    <ClInclude Include="ListarFacturas.h">
      <Filter>Archivos de encabezado</Filter>
    </ClInclude>
    <ClInclude Include="ListarFacturaCliente.h">
      <Filter>Archivos de encabezado</Filter>
    </ClInclude>
    <ClInclude Include="Fidelizacion.h">
      <Filter>Archivos de encabezado</Filter>
    </ClInclude>
    <ClInclude Include="PrecioTotal.h">
      <Filter>Archivos de encabezado</Filter>
    </ClInclude>
    <ClInclude Include="ClienteProm.h">
      <Filter>Archivos de encabezado</Filter>
    </ClInclude>
    <ClInclude Include="MayoresADiez.h">
      <Filter>Archivos de encabezado</Filter>
    </ClInclude>
  </ItemGroup>
  <ItemGroup>
    <EmbeddedResource Include="Clientes.resx">
      <Filter>Archivos de recursos</Filter>
    </EmbeddedResource>
    <EmbeddedResource Include="Inicio.resx">
      <Filter>Archivos de recursos</Filter>
    </EmbeddedResource>
    <EmbeddedResource Include="ListarClientes.resx">
      <Filter>Archivos de recursos</Filter>
    </EmbeddedResource>
    <EmbeddedResource Include="CrearCliente.resx">
      <Filter>Archivos de recursos</Filter>
    </EmbeddedResource>
    <EmbeddedResource Include="EliminarCliente.resx">
      <Filter>Archivos de recursos</Filter>
    </EmbeddedResource>
    <EmbeddedResource Include="ModificarDatos.resx">
      <Filter>Archivos de recursos</Filter>
    </EmbeddedResource>
    <EmbeddedResource Include="EliminarProducto.resx">
      <Filter>Archivos de recursos</Filter>
    </EmbeddedResource>
    <EmbeddedResource Include="ListarProductos.resx">
      <Filter>Archivos de recursos</Filter>
    </EmbeddedResource>
    <EmbeddedResource Include="ModificarProducto.resx">
      <Filter>Archivos de recursos</Filter>
    </EmbeddedResource>
    <EmbeddedResource Include="NuevoProducto.resx">
      <Filter>Archivos de recursos</Filter>
    </EmbeddedResource>
    <EmbeddedResource Include="Productos.resx">
      <Filter>Archivos de recursos</Filter>
    </EmbeddedResource>
    <EmbeddedResource Include="Comprar.resx">
      <Filter>Archivos de recursos</Filter>
    </EmbeddedResource>
    <EmbeddedResource Include="Facturas.resx">
      <Filter>Archivos de recursos</Filter>
    </EmbeddedResource>
    <EmbeddedResource Include="ListarFacturas.resx">
      <Filter>Archivos de recursos</Filter>
    </EmbeddedResource>
    <EmbeddedResource Include="ListarFacturaCliente.resx">
      <Filter>Archivos de recursos</Filter>
    </EmbeddedResource>
    <EmbeddedResource Include="Fidelizacion.resx">
      <Filter>Archivos de recursos</Filter>
    </EmbeddedResource>
    <EmbeddedResource Include="ClienteProm.resx">
      <Filter>Archivos de recursos</Filter>
    </EmbeddedResource>
    <EmbeddedResource Include="PrecioTotal.resx">
      <Filter>Archivos de recursos</Filter>
    </EmbeddedResource>
  </ItemGroup>
</Project>